# This file is automatically @generated by Poetry 2.1.3 and should not be changed by hand.

[[package]]
name = "attrs"
version = "25.4.0"
description = "Classes Without Boilerplate"
optional = false
python-versions = ">=3.9"
groups = ["dev"]
files = [
    {file = "attrs-25.4.0-py3-none-any.whl", hash = "sha256:adcf7e2a1fb3b36ac48d97835bb6d8ade15b8dcce26aba8bf1d14847b57a3373"},
    {file = "attrs-25.4.0.tar.gz", hash = "sha256:16d5969b87f0859ef33a48b35d55ac1be6e42ae49d5e853b597db70c35c57e11"},
]

[[package]]
name = "cattrs"
version = "25.3.0"
description = "Composable complex class support for attrs and dataclasses."
optional = false
python-versions = ">=3.9"
groups = ["dev"]
files = [
    {file = "cattrs-25.3.0-py3-none-any.whl", hash = "sha256:9896e84e0a5bf723bc7b4b68f4481785367ce07a8a02e7e9ee6eb2819bc306ff"},
    {file = "cattrs-25.3.0.tar.gz", hash = "sha256:1ac88d9e5eda10436c4517e390a4142d88638fe682c436c93db7ce4a277b884a"},
]

[package.dependencies]
attrs = ">=25.4.0"
exceptiongroup = {version = ">=1.1.1", markers = "python_version < \"3.11\""}
typing-extensions = ">=4.14.0"

[package.extras]
bson = ["pymongo (>=4.4.0)"]
cbor2 = ["cbor2 (>=5.4.6)"]
msgpack = ["msgpack (>=1.0.5)"]
msgspec = ["msgspec (>=0.19.0) ; implementation_name == \"cpython\""]
orjson = ["orjson (>=3.11.3) ; implementation_name == \"cpython\""]
pyyaml = ["pyyaml (>=6.0)"]
tomlkit = ["tomlkit (>=0.11.8)"]
ujson = ["ujson (>=5.10.0)"]

[[package]]
name = "colorama"
version = "0.4.6"
description = "Cross-platform colored terminal text."
optional = false
python-versions = "!=3.0.*,!=3.1.*,!=3.2.*,!=3.3.*,!=3.4.*,!=3.5.*,!=3.6.*,>=2.7"
groups = ["dev"]
markers = "sys_platform == \"win32\""
files = [
    {file = "colorama-0.4.6-py2.py3-none-any.whl", hash = "sha256:4f1d9991f5acc0ca119f9d443620b77f9d6b33703e51011c16baf57afb285fc6"},
    {file = "colorama-0.4.6.tar.gz", hash = "sha256:08695f5cb7ed6e0531a20572697297273c47b8cae5a63ffc6d6ed5c201be6e44"},
]

[[package]]
name = "crosshair-tool"
version = "0.0.101"
description = "Analyze Python code for correctness using symbolic execution."
optional = false
python-versions = ">=3.8"
groups = ["dev"]
files = [
    {file = "crosshair_tool-0.0.101-cp310-cp310-macosx_10_9_universal2.whl", hash = "sha256:95a448fc876925c614852101db768ff4136bd1cabc2898440d3e191adf0bda50"},
    {file = "crosshair_tool-0.0.101-cp310-cp310-macosx_10_9_x86_64.whl", hash = "sha256:4c5132457fc85517f95ff772a05596ad45c9b7ad0753939621eb0c9b8476d900"},
    {file = "crosshair_tool-0.0.101-cp310-cp310-macosx_11_0_arm64.whl", hash = "sha256:2c9fffd585ad9e314b9519b589bee8137266ce9bbc84fbef626c231e4e67d26b"},
    {file = "crosshair_tool-0.0.101-cp310-cp310-manylinux1_x86_64.manylinux_2_28_x86_64.manylinux_2_5_x86_64.whl", hash = "sha256:96194cc5bd3336b00fa76ff01887ec74c42ff76ce05fdf90dcb9b133b1509ec0"},
    {file = "crosshair_tool-0.0.101-cp310-cp310-musllinux_1_2_x86_64.whl", hash = "sha256:b089b373d56400b176ab3cc1dc396c531fe00c9bede893bfa905f1fa8ab9382e"},
    {file = "crosshair_tool-0.0.101-cp310-cp310-win32.whl", hash = "sha256:6e24e9140014241c1275f9266fd6a8e9d09b91a9b0b0606eed3b58e6809280af"},
    {file = "crosshair_tool-0.0.101-cp310-cp310-win_amd64.whl", hash = "sha256:ce9a8ccd2ccc16ec66e69c66d49a722573b7c59d0d3331ccaee1c9e4abf8401e"},
    {file = "crosshair_tool-0.0.101-cp311-cp311-macosx_10_9_universal2.whl", hash = "sha256:d7649071d0768156d55fff9c9ff6f5e179d5340463b56129b792ae94bf733c9c"},
    {file = "crosshair_tool-0.0.101-cp311-cp311-macosx_10_9_x86_64.whl", hash = "sha256:dba6375c4aaed3e7715782b6b2152fc792f700a7474be5bb310469212bedf64b"},
    {file = "crosshair_tool-0.0.101-cp311-cp311-macosx_11_0_arm64.whl", hash = "sha256:04378d43a11250bb5423c15ccf86191a0e075cf825b2e7b5ea02cf2509f2b5f5"},
    {file = "crosshair_tool-0.0.101-cp311-cp311-manylinux1_x86_64.manylinux_2_28_x86_64.manylinux_2_5_x86_64.whl", hash = "sha256:a852577cd68b548a45635a63f97a433c8793134ee75ca79515e3b4cde44daf09"},
    {file = "crosshair_tool-0.0.101-cp311-cp311-musllinux_1_2_x86_64.whl", hash = "sha256:1ea80e3acfbd6a91b88acabdd18f91f611aedacdd3369656d31dc5c60abf0dd1"},
    {file = "crosshair_tool-0.0.101-cp311-cp311-win32.whl", hash = "sha256:88bd52e50d149062c3a87bdb46bff4243ce2fd3623e4fb9aa6829a194e8f9950"},
    {file = "crosshair_tool-0.0.101-cp311-cp311-win_amd64.whl", hash = "sha256:238dbbf44edc3f31d3ad520529b943e39fdf6deb16ab8c166aa95ecccb26412f"},
    {file = "crosshair_tool-0.0.101-cp312-cp312-macosx_10_13_universal2.whl", hash = "sha256:e585ef30143dab9a9d131bf7a31a061a3f6425dc6758c7b22d24ec46c9143284"},
    {file = "crosshair_tool-0.0.101-cp312-cp312-macosx_10_13_x86_64.whl", hash = "sha256:bb7403aacb31df9e86817de589529707f757be857e7ed905f1a8c818b300bad9"},
    {file = "crosshair_tool-0.0.101-cp312-cp312-macosx_11_0_arm64.whl", hash = "sha256:f10fa35b409aa06022fc399a31e659cc556ca9b5d933b8c93119aee54856f812"},
    {file = "crosshair_tool-0.0.101-cp312-cp312-manylinux1_x86_64.manylinux_2_28_x86_64.manylinux_2_5_x86_64.whl", hash = "sha256:659ebd5a7dfbff5d887cd5c5181d8e574fb72723bdb175e0ff7a1d9fe2cd2e3c"},
    {file = "crosshair_tool-0.0.101-cp312-cp312-musllinux_1_2_x86_64.whl", hash = "sha256:639931207bd13425f4387125b48e550afbd0d73b311f4ae1197b33d05f8df49b"},
    {file = "crosshair_tool-0.0.101-cp312-cp312-win32.whl", hash = "sha256:cb026922307100c7f861bd575d6b467d3fe377eb9dbdd2cf47589e87b5a12868"},
    {file = "crosshair_tool-0.0.101-cp312-cp312-win_amd64.whl", hash = "sha256:20ef1abfa39f80c3f15762afa7200d74f2091760e49ff601e7054dac3541ccff"},
    {file = "crosshair_tool-0.0.101-cp313-cp313-macosx_10_13_universal2.whl", hash = "sha256:16a3d772f7e34d4704433db2ff760d2c6447b06abf12562be1eecd8b4ad74b1a"},
    {file = "crosshair_tool-0.0.101-cp313-cp313-macosx_10_13_x86_64.whl", hash = "sha256:32c46e468aea2f42eaea902ea342ea3e5e4cdcf8715b520067ed88c65e79cfae"},
    {file = "crosshair_tool-0.0.101-cp313-cp313-macosx_11_0_arm64.whl", hash = "sha256:9963d191c6f390a4f2232ff95ee636bc42d76bb0646a243526b1fdd203a61275"},
    {file = "crosshair_tool-0.0.101-cp313-cp313-manylinux1_x86_64.manylinux_2_28_x86_64.manylinux_2_5_x86_64.whl", hash = "sha256:b871be4d0628f1f9e55b6c7319f3785a0bee1aaae73eb1d371fe06bf2f4713cb"},
    {file = "crosshair_tool-0.0.101-cp313-cp313-musllinux_1_2_x86_64.whl", hash = "sha256:fc950c9cd714c320f2b6aa7d26030c367c9fdb9690df770d9acc059729bcc3f9"},
    {file = "crosshair_tool-0.0.101-cp313-cp313-win32.whl", hash = "sha256:002b348340ee529176cc3e7b94bc76e0be07be62e4fdd1f4edc1bd0e9bb3e3f7"},
    {file = "crosshair_tool-0.0.101-cp313-cp313-win_amd64.whl", hash = "sha256:0fb3d3c50cfd9489236fbcee583921c784f38ac98ff508be5bd706d16ab2d60c"},
    {file = "crosshair_tool-0.0.101-cp314-cp314-macosx_10_13_universal2.whl", hash = "sha256:965ee1a51dedd07496b3259c4ae7555c9e1856a941a7017934360736370a4881"},
    {file = "crosshair_tool-0.0.101-cp314-cp314-macosx_10_13_x86_64.whl", hash = "sha256:bbb015c298c527460225c85d03f3578f6bb65561bd51d8f0ea92ff9d92314b88"},
    {file = "crosshair_tool-0.0.101-cp314-cp314-macosx_11_0_arm64.whl", hash = "sha256:eca74aa2b553f80ee1d85ff7beb5cefa4fd64037d10fd887f7a21591820932ec"},
    {file = "crosshair_tool-0.0.101-cp314-cp314-manylinux1_x86_64.manylinux_2_28_x86_64.manylinux_2_5_x86_64.whl", hash = "sha256:c7ea8d4e75aef8c2655cc4b686bc8a685b00d5691f553c0486d76754de8abbea"},
    {file = "crosshair_tool-0.0.101-cp314-cp314-musllinux_1_2_x86_64.whl", hash = "sha256:a7829a42f32452de508b4f75201223637b7d9452eb2cac4d89302196e1a75d5d"},
    {file = "crosshair_tool-0.0.101-cp314-cp314-win32.whl", hash = "sha256:fa6d46b7498cb855f43087374e978e9d6048338966c92aff3423cbd2239801e6"},
    {file = "crosshair_tool-0.0.101-cp314-cp314-win_amd64.whl", hash = "sha256:23582783eca66fad8e139eb46f4cefac603456452b324e4ef0572aabc71ec19b"},
    {file = "crosshair_tool-0.0.101-cp38-cp38-macosx_10_9_universal2.whl", hash = "sha256:07ed4c71dea683f061a75ebc44702b387b666848c4e5b312afa0a4f1439ea03e"},
    {file = "crosshair_tool-0.0.101-cp38-cp38-macosx_10_9_x86_64.whl", hash = "sha256:dbeb86fbaa4537dbbc92c23aaa418b28bb52fa3b1566b5fe983f70485748fc17"},
    {file = "crosshair_tool-0.0.101-cp38-cp38-macosx_11_0_arm64.whl", hash = "sha256:c3283a8a125d6bd602c9b543c03d814d06dc501f68da45158f2f391f2742cd58"},
    {file = "crosshair_tool-0.0.101-cp38-cp38-manylinux1_x86_64.manylinux_2_28_x86_64.manylinux_2_5_x86_64.whl", hash = "sha256:3345873b32a280c267491cf35ef687029d6e4805ae9344f1526883d1fbe24b50"},
    {file = "crosshair_tool-0.0.101-cp38-cp38-musllinux_1_2_x86_64.whl", hash = "sha256:5f26b1229998deddebbca22f6c81cbfc95fef201e2052eac6b0af77ede04217e"},
    {file = "crosshair_tool-0.0.101-cp38-cp38-win32.whl", hash = "sha256:c3f9db8171ea655745c1e92cdc520d21eb09f8e2f5015403b3c83f7fb21fdf8e"},
    {file = "crosshair_tool-0.0.101-cp38-cp38-win_amd64.whl", hash = "sha256:46781e003e0b579fe1f6d51b8cc6cf74715a4e08233619c04e6e19f22d7c3429"},
    {file = "crosshair_tool-0.0.101-cp39-cp39-macosx_10_9_universal2.whl", hash = "sha256:60771a5c29ed9b4fc33a788504f8de36da5bf3cc11de386c117e36d4502245b7"},
    {file = "crosshair_tool-0.0.101-cp39-cp39-macosx_10_9_x86_64.whl", hash = "sha256:1dc57f980046a20ecdcef6950380258d39e7a8fa968fc9c851ec27d0a544ab0f"},
    {file = "crosshair_tool-0.0.101-cp39-cp39-macosx_11_0_arm64.whl", hash = "sha256:473e99675d9c370d9f750b34a0f0f54dc8c88000a689cfc9e966770cccaf7001"},
    {file = "crosshair_tool-0.0.101-cp39-cp39-manylinux1_x86_64.manylinux_2_28_x86_64.manylinux_2_5_x86_64.whl", hash = "sha256:08142586447f05bd26c700fab8ff3afba6948db7bff78670dbfd178b56a004f5"},
    {file = "crosshair_tool-0.0.101-cp39-cp39-musllinux_1_2_x86_64.whl", hash = "sha256:0c9e3e75a38f42ca9afad9309d3e862a984f04d5ac93326742ce52b2666a3c7f"},
    {file = "crosshair_tool-0.0.101-cp39-cp39-win32.whl", hash = "sha256:876d36503cf6e848e0fa00166abc85f8d968f5f4593f9bc7eeda17a1df7b77cd"},
    {file = "crosshair_tool-0.0.101-cp39-cp39-win_amd64.whl", hash = "sha256:44f716635e40fd85a647b11352e72482aa80769b7893a4359ace5af5f7550d5d"},
    {file = "crosshair_tool-0.0.101.tar.gz", hash = "sha256:c36eb18e211b344b47dc9aaf85d0b16ae4cb00719d20f131eb6ebf5e79767983"},
]

[package.dependencies]
importlib_metadata = ">=4.0.0"
packaging = "*"
pygls = ">=1.0.0"
typeshed-client = ">=2.0.5"
typing_extensions = ">=3.10.0"
typing-inspect = ">=0.7.1"
z3-solver = ">=4.13.0.0"

[package.extras]
dev = ["autodocsumm (>=0.2.2,<1)", "black (==25.9.0)", "deal (>=4.13.0)", "icontract (>=2.4.0)", "isort (==5.11.5)", "mypy (==1.18.1)", "numpy (==1.24.0) ; python_version < \"3.12\"", "numpy (==2.3.3) ; python_version >= \"3.12\"", "pre-commit (>=2.20,<3.0)", "pytest", "pytest-xdist", "rst2pdf (>=0.102)", "setuptools", "sphinx (>=3.4.3)", "sphinx-rtd-theme (>=0.5.1)", "z3-solver (==4.15.4.0)"]

[[package]]
name = "exceptiongroup"
version = "1.3.1"
description = "Backport of PEP 654 (exception groups)"
optional = false
python-versions = ">=3.7"
groups = ["dev"]
markers = "python_version < \"3.11\""
files = [
    {file = "exceptiongroup-1.3.1-py3-none-any.whl", hash = "sha256:a7a39a3bd276781e98394987d3a5701d0c4edffb633bb7a5144577f82c773598"},
    {file = "exceptiongroup-1.3.1.tar.gz", hash = "sha256:8b412432c6055b0b7d14c310000ae93352ed6754f70fa8f7c34141f91c4e3219"},
]

[package.dependencies]
typing-extensions = {version = ">=4.6.0", markers = "python_version < \"3.13\""}

[package.extras]
test = ["pytest (>=6)"]

[[package]]
name = "hypothesis"
version = "6.141.1"
description = "A library for property-based testing"
optional = false
python-versions = ">=3.9"
groups = ["dev"]
files = [
    {file = "hypothesis-6.141.1-py3-none-any.whl", hash = "sha256:a5b3c39c16d98b7b4c3c5c8d4262e511e3b2255e6814ced8023af49087ad60b3"},
    {file = "hypothesis-6.141.1.tar.gz", hash = "sha256:8ef356e1e18fbeaa8015aab3c805303b7fe4b868e5b506e87ad83c0bf951f46f"},
]

[package.dependencies]
attrs = ">=22.2.0"
exceptiongroup = {version = ">=1.0.0", markers = "python_version < \"3.11\""}
sortedcontainers = ">=2.1.0,<3.0.0"

[package.extras]
all = ["black (>=20.8b0)", "click (>=7.0)", "crosshair-tool (>=0.0.97)", "django (>=4.2)", "dpcontracts (>=0.4)", "hypothesis-crosshair (>=0.0.25)", "lark (>=0.10.1)", "libcst (>=0.3.16)", "numpy (>=1.19.3)", "pandas (>=1.1)", "pytest (>=4.6)", "python-dateutil (>=1.4)", "pytz (>=2014.1)", "redis (>=3.0.0)", "rich (>=9.0.0)", "tzdata (>=2025.2) ; sys_platform == \"win32\" or sys_platform == \"emscripten\"", "watchdog (>=4.0.0)"]
cli = ["black (>=20.8b0)", "click (>=7.0)", "rich (>=9.0.0)"]
codemods = ["libcst (>=0.3.16)"]
crosshair = ["crosshair-tool (>=0.0.97)", "hypothesis-crosshair (>=0.0.25)"]
dateutil = ["python-dateutil (>=1.4)"]
django = ["django (>=4.2)"]
dpcontracts = ["dpcontracts (>=0.4)"]
ghostwriter = ["black (>=20.8b0)"]
lark = ["lark (>=0.10.1)"]
numpy = ["numpy (>=1.19.3)"]
pandas = ["pandas (>=1.1)"]
pytest = ["pytest (>=4.6)"]
pytz = ["pytz (>=2014.1)"]
redis = ["redis (>=3.0.0)"]
watchdog = ["watchdog (>=4.0.0)"]
zoneinfo = ["tzdata (>=2025.2) ; sys_platform == \"win32\" or sys_platform == \"emscripten\""]

[[package]]
name = "hypothesis-crosshair"
version = "0.0.8"
description = "Level-up your Hypothesis tests with CrossHair."
optional = false
python-versions = ">=3.8"
groups = ["dev"]
files = [
    {file = "hypothesis_crosshair-0.0.8-py3-none-any.whl", hash = "sha256:71a54497ca1727a13f6e17f90b227eb1a852804a9bb740c237e653d9d3cd3dec"},
    {file = "hypothesis_crosshair-0.0.8.tar.gz", hash = "sha256:0ce990cf00d2080f036ac000dda6bbf6e974430b11cc6d5dfda74ef91e417345"},
]

[package.dependencies]
crosshair-tool = ">=0.0.58"
hypothesis = ">=6.104.2"

[[package]]
name = "importlib-metadata"
version = "8.7.1"
description = "Read metadata from Python packages"
optional = false
python-versions = ">=3.9"
groups = ["dev"]
files = [
    {file = "importlib_metadata-8.7.1-py3-none-any.whl", hash = "sha256:5a1f80bf1daa489495071efbb095d75a634cf28a8bc299581244063b53176151"},
    {file = "importlib_metadata-8.7.1.tar.gz", hash = "sha256:49fef1ae6440c182052f407c8d34a68f72efc36db9ca90dc0113398f2fdde8bb"},
]

[package.dependencies]
zipp = ">=3.20"

[package.extras]
check = ["pytest-checkdocs (>=2.4)", "pytest-ruff (>=0.2.1) ; sys_platform != \"cygwin\""]
cover = ["pytest-cov"]
doc = ["furo", "jaraco.packaging (>=9.3)", "jaraco.tidelift (>=1.4)", "rst.linker (>=1.9)", "sphinx (>=3.5)", "sphinx-lint"]
enabler = ["pytest-enabler (>=3.4)"]
perf = ["ipython"]
test = ["flufl.flake8", "jaraco.test (>=5.4)", "packaging", "pyfakefs", "pytest (>=6,!=8.1.*)", "pytest-perf (>=0.9.2)"]
type = ["mypy (<1.19) ; platform_python_implementation == \"PyPy\"", "pytest-mypy (>=1.0.1)"]

[[package]]
name = "importlib-resources"
version = "6.5.2"
description = "Read resources from Python packages"
optional = false
python-versions = ">=3.9"
groups = ["dev"]
files = [
    {file = "importlib_resources-6.5.2-py3-none-any.whl", hash = "sha256:789cfdc3ed28c78b67a06acb8126751ced69a3d5f79c095a98298cd8a760ccec"},
    {file = "importlib_resources-6.5.2.tar.gz", hash = "sha256:185f87adef5bcc288449d98fb4fba07cea78bc036455dd44c5fc4a2fe78fed2c"},
]

[package.dependencies]
zipp = {version = ">=3.1.0", markers = "python_version < \"3.10\""}

[package.extras]
check = ["pytest-checkdocs (>=2.4)", "pytest-ruff (>=0.2.1) ; sys_platform != \"cygwin\""]
cover = ["pytest-cov"]
doc = ["furo", "jaraco.packaging (>=9.3)", "jaraco.tidelift (>=1.4)", "rst.linker (>=1.9)", "sphinx (>=3.5)", "sphinx-lint"]
enabler = ["pytest-enabler (>=2.2)"]
test = ["jaraco.test (>=5.4)", "pytest (>=6,!=8.1.*)", "zipp (>=3.17)"]
type = ["pytest-mypy"]

[[package]]
name = "iniconfig"
version = "2.1.0"
description = "brain-dead simple config-ini parsing"
optional = false
python-versions = ">=3.8"
groups = ["dev"]
files = [
    {file = "iniconfig-2.1.0-py3-none-any.whl", hash = "sha256:9deba5723312380e77435581c6bf4935c94cbfab9b1ed33ef8d238ea168eb760"},
    {file = "iniconfig-2.1.0.tar.gz", hash = "sha256:3abbd2e30b36733fee78f9c7f7308f2d0050e88f0087fd25c2645f63c773e1c7"},
]

[[package]]
name = "lsprotocol"
version = "2025.0.0"
description = "Python types for Language Server Protocol."
optional = false
python-versions = ">=3.8"
groups = ["dev"]
files = [
    {file = "lsprotocol-2025.0.0-py3-none-any.whl", hash = "sha256:f9d78f25221f2a60eaa4a96d3b4ffae011b107537facee61d3da3313880995c7"},
    {file = "lsprotocol-2025.0.0.tar.gz", hash = "sha256:e879da2b9301e82cfc3e60d805630487ac2f7ab17492f4f5ba5aaba94fe56c29"},
]

[package.dependencies]
attrs = ">=21.3.0"
cattrs = "!=23.2.1"

[[package]]
name = "mypy-extensions"
version = "1.1.0"
description = "Type system extensions for programs checked with the mypy type checker."
optional = false
python-versions = ">=3.8"
groups = ["dev"]
files = [
    {file = "mypy_extensions-1.1.0-py3-none-any.whl", hash = "sha256:1be4cccdb0f2482337c4743e60421de3a356cd97508abadd57d47403e94f5505"},
    {file = "mypy_extensions-1.1.0.tar.gz", hash = "sha256:52e68efc3284861e772bbcd66823fde5ae21fd2fdb51c62a211403730b916558"},
]

[[package]]
name = "packaging"
version = "25.0"
description = "Core utilities for Python packages"
optional = false
python-versions = ">=3.8"
groups = ["dev"]
files = [
    {file = "packaging-25.0-py3-none-any.whl", hash = "sha256:29572ef2b1f17581046b3a2227d5c611fb25ec70ca1ba8554b24b0e69331a484"},
    {file = "packaging-25.0.tar.gz", hash = "sha256:d443872c98d677bf60f6a1f2f8c1cb748e8fe762d2bf9d3148b5599295b0fc4f"},
]

[[package]]
name = "pluggy"
version = "1.6.0"
description = "plugin and hook calling mechanisms for python"
optional = false
python-versions = ">=3.9"
groups = ["dev"]
files = [
    {file = "pluggy-1.6.0-py3-none-any.whl", hash = "sha256:e920276dd6813095e9377c0bc5566d94c932c33b27a3e3945d8389c374dd4746"},
    {file = "pluggy-1.6.0.tar.gz", hash = "sha256:7dcc130b76258d33b90f61b658791dede3486c3e6bfb003ee5c9bfb396dd22f3"},
]

[package.extras]
dev = ["pre-commit", "tox"]
testing = ["coverage", "pytest", "pytest-benchmark"]

[[package]]
name = "pygls"
version = "2.0.0"
description = "A pythonic generic language server (pronounced like 'pie glass')"
optional = false
python-versions = ">=3.9"
groups = ["dev"]
files = [
    {file = "pygls-2.0.0-py3-none-any.whl", hash = "sha256:b4e54bba806f76781017ded8fd07463b98670f959042c44170cd362088b200cc"},
    {file = "pygls-2.0.0.tar.gz", hash = "sha256:99accd03de1ca76fe1e7e317f0968ebccf7b9955afed6e2e3e188606a20b4f07"},
]

[package.dependencies]
attrs = ">=24.3.0"
cattrs = ">=23.1.2"
lsprotocol = "2025.0.0"

[package.extras]
ws = ["websockets (>=13.0)"]

[[package]]
name = "pytest"
version = "7.4.4"
description = "pytest: simple powerful testing with Python"
optional = false
python-versions = ">=3.7"
groups = ["dev"]
files = [
    {file = "pytest-7.4.4-py3-none-any.whl", hash = "sha256:b090cdf5ed60bf4c45261be03239c2c1c22df034fbffe691abe93cd80cea01d8"},
    {file = "pytest-7.4.4.tar.gz", hash = "sha256:2cf0005922c6ace4a3e2ec8b4080eb0d9753fdc93107415332f50ce9e7994280"},
]

[package.dependencies]
colorama = {version = "*", markers = "sys_platform == \"win32\""}
exceptiongroup = {version = ">=1.0.0rc8", markers = "python_version < \"3.11\""}
iniconfig = "*"
packaging = "*"
pluggy = ">=0.12,<2.0"
tomli = {version = ">=1.0.0", markers = "python_version < \"3.11\""}

[package.extras]
testing = ["argcomplete", "attrs (>=19.2.0)", "hypothesis (>=3.56)", "mock", "nose", "pygments (>=2.7.2)", "requests", "setuptools", "xmlschema"]

[[package]]
name = "sortedcontainers"
version = "2.4.0"
description = "Sorted Containers -- Sorted List, Sorted Dict, Sorted Set"
optional = false
python-versions = "*"
groups = ["dev"]
files = [
    {file = "sortedcontainers-2.4.0-py2.py3-none-any.whl", hash = "sha256:a163dcaede0f1c021485e957a39245190e74249897e2ae4b2aa38595db237ee0"},
    {file = "sortedcontainers-2.4.0.tar.gz", hash = "sha256:25caa5a06cc30b6b83d11423433f65d1f9d76c4c6a0c90e3379eaa43b9bfdb88"},
]

[[package]]
name = "tomli"
version = "2.3.0"
description = "A lil' TOML parser"
optional = false
python-versions = ">=3.8"
groups = ["dev"]
markers = "python_version < \"3.11\""
files = [
    {file = "tomli-2.3.0-cp311-cp311-macosx_10_9_x86_64.whl", hash = "sha256:88bd15eb972f3664f5ed4b57c1634a97153b4bac4479dcb6a495f41921eb7f45"},
    {file = "tomli-2.3.0-cp311-cp311-macosx_11_0_arm64.whl", hash = "sha256:883b1c0d6398a6a9d29b508c331fa56adbcdff647f6ace4dfca0f50e90dfd0ba"},
    {file = "tomli-2.3.0-cp311-cp311-manylinux2014_aarch64.manylinux_2_17_aarch64.manylinux_2_28_aarch64.whl", hash = "sha256:d1381caf13ab9f300e30dd8feadb3de072aeb86f1d34a8569453ff32a7dea4bf"},
    {file = "tomli-2.3.0-cp311-cp311-manylinux2014_x86_64.manylinux_2_17_x86_64.manylinux_2_28_x86_64.whl", hash = "sha256:a0e285d2649b78c0d9027570d4da3425bdb49830a6156121360b3f8511ea3441"},
    {file = "tomli-2.3.0-cp311-cp311-musllinux_1_2_aarch64.whl", hash = "sha256:0a154a9ae14bfcf5d8917a59b51ffd5a3ac1fd149b71b47a3a104ca4edcfa845"},
    {file = "tomli-2.3.0-cp311-cp311-musllinux_1_2_x86_64.whl", hash = "sha256:74bf8464ff93e413514fefd2be591c3b0b23231a77f901db1eb30d6f712fc42c"},
    {file = "tomli-2.3.0-cp311-cp311-win32.whl", hash = "sha256:00b5f5d95bbfc7d12f91ad8c593a1659b6387b43f054104cda404be6bda62456"},
    {file = "tomli-2.3.0-cp311-cp311-win_amd64.whl", hash = "sha256:4dc4ce8483a5d429ab602f111a93a6ab1ed425eae3122032db7e9acf449451be"},
    {file = "tomli-2.3.0-cp312-cp312-macosx_10_13_x86_64.whl", hash = "sha256:d7d86942e56ded512a594786a5ba0a5e521d02529b3826e7761a05138341a2ac"},
    {file = "tomli-2.3.0-cp312-cp312-macosx_11_0_arm64.whl", hash = "sha256:73ee0b47d4dad1c5e996e3cd33b8a76a50167ae5f96a2607cbe8cc773506ab22"},
    {file = "tomli-2.3.0-cp312-cp312-manylinux2014_aarch64.manylinux_2_17_aarch64.manylinux_2_28_aarch64.whl", hash = "sha256:792262b94d5d0a466afb5bc63c7daa9d75520110971ee269152083270998316f"},
    {file = "tomli-2.3.0-cp312-cp312-manylinux2014_x86_64.manylinux_2_17_x86_64.manylinux_2_28_x86_64.whl", hash = "sha256:4f195fe57ecceac95a66a75ac24d9d5fbc98ef0962e09b2eddec5d39375aae52"},
    {file = "tomli-2.3.0-cp312-cp312-musllinux_1_2_aarch64.whl", hash = "sha256:e31d432427dcbf4d86958c184b9bfd1e96b5b71f8eb17e6d02531f434fd335b8"},
    {file = "tomli-2.3.0-cp312-cp312-musllinux_1_2_x86_64.whl", hash = "sha256:7b0882799624980785240ab732537fcfc372601015c00f7fc367c55308c186f6"},
    {file = "tomli-2.3.0-cp312-cp312-win32.whl", hash = "sha256:ff72b71b5d10d22ecb084d345fc26f42b5143c5533db5e2eaba7d2d335358876"},
    {file = "tomli-2.3.0-cp312-cp312-win_amd64.whl", hash = "sha256:1cb4ed918939151a03f33d4242ccd0aa5f11b3547d0cf30f7c74a408a5b99878"},
    {file = "tomli-2.3.0-cp313-cp313-macosx_10_13_x86_64.whl", hash = "sha256:5192f562738228945d7b13d4930baffda67b69425a7f0da96d360b0a3888136b"},
    {file = "tomli-2.3.0-cp313-cp313-macosx_11_0_arm64.whl", hash = "sha256:be71c93a63d738597996be9528f4abe628d1adf5e6eb11607bc8fe1a510b5dae"},
    {file = "tomli-2.3.0-cp313-cp313-manylinux2014_aarch64.manylinux_2_17_aarch64.manylinux_2_28_aarch64.whl", hash = "sha256:c4665508bcbac83a31ff8ab08f424b665200c0e1e645d2bd9ab3d3e557b6185b"},
    {file = "tomli-2.3.0-cp313-cp313-manylinux2014_x86_64.manylinux_2_17_x86_64.manylinux_2_28_x86_64.whl", hash = "sha256:4021923f97266babc6ccab9f5068642a0095faa0a51a246a6a02fccbb3514eaf"},
    {file = "tomli-2.3.0-cp313-cp313-musllinux_1_2_aarch64.whl", hash = "sha256:a4ea38c40145a357d513bffad0ed869f13c1773716cf71ccaa83b0fa0cc4e42f"},
    {file = "tomli-2.3.0-cp313-cp313-musllinux_1_2_x86_64.whl", hash = "sha256:ad805ea85eda330dbad64c7ea7a4556259665bdf9d2672f5dccc740eb9d3ca05"},
    {file = "tomli-2.3.0-cp313-cp313-win32.whl", hash = "sha256:97d5eec30149fd3294270e889b4234023f2c69747e555a27bd708828353ab606"},
    {file = "tomli-2.3.0-cp313-cp313-win_amd64.whl", hash = "sha256:0c95ca56fbe89e065c6ead5b593ee64b84a26fca063b5d71a1122bf26e533999"},
    {file = "tomli-2.3.0-cp314-cp314-macosx_10_13_x86_64.whl", hash = "sha256:cebc6fe843e0733ee827a282aca4999b596241195f43b4cc371d64fc6639da9e"},
    {file = "tomli-2.3.0-cp314-cp314-macosx_11_0_arm64.whl", hash = "sha256:4c2ef0244c75aba9355561272009d934953817c49f47d768070c3c94355c2aa3"},
    {file = "tomli-2.3.0-cp314-cp314-manylinux2014_aarch64.manylinux_2_17_aarch64.manylinux_2_28_aarch64.whl", hash = "sha256:c22a8bf253bacc0cf11f35ad9808b6cb75ada2631c2d97c971122583b129afbc"},
    {file = "tomli-2.3.0-cp314-cp314-manylinux2014_x86_64.manylinux_2_17_x86_64.manylinux_2_28_x86_64.whl", hash = "sha256:0eea8cc5c5e9f89c9b90c4896a8deefc74f518db5927d0e0e8d4a80953d774d0"},
    {file = "tomli-2.3.0-cp314-cp314-musllinux_1_2_aarch64.whl", hash = "sha256:b74a0e59ec5d15127acdabd75ea17726ac4c5178ae51b85bfe39c4f8a278e879"},
    {file = "tomli-2.3.0-cp314-cp314-musllinux_1_2_x86_64.whl", hash = "sha256:b5870b50c9db823c595983571d1296a6ff3e1b88f734a4c8f6fc6188397de005"},
    {file = "tomli-2.3.0-cp314-cp314-win32.whl", hash = "sha256:feb0dacc61170ed7ab602d3d972a58f14ee3ee60494292d384649a3dc38ef463"},
    {file = "tomli-2.3.0-cp314-cp314-win_amd64.whl", hash = "sha256:b273fcbd7fc64dc3600c098e39136522650c49bca95df2d11cf3b626422392c8"},
    {file = "tomli-2.3.0-cp314-cp314t-macosx_10_13_x86_64.whl", hash = "sha256:940d56ee0410fa17ee1f12b817b37a4d4e4dc4d27340863cc67236c74f582e77"},
    {file = "tomli-2.3.0-cp314-cp314t-macosx_11_0_arm64.whl", hash = "sha256:f85209946d1fe94416debbb88d00eb92ce9cd5266775424ff81bc959e001acaf"},
    {file = "tomli-2.3.0-cp314-cp314t-manylinux2014_aarch64.manylinux_2_17_aarch64.manylinux_2_28_aarch64.whl", hash = "sha256:a56212bdcce682e56b0aaf79e869ba5d15a6163f88d5451cbde388d48b13f530"},
    {file = "tomli-2.3.0-cp314-cp314t-manylinux2014_x86_64.manylinux_2_17_x86_64.manylinux_2_28_x86_64.whl", hash = "sha256:c5f3ffd1e098dfc032d4d3af5c0ac64f6d286d98bc148698356847b80fa4de1b"},
    {file = "tomli-2.3.0-cp314-cp314t-musllinux_1_2_aarch64.whl", hash = "sha256:5e01decd096b1530d97d5d85cb4dff4af2d8347bd35686654a004f8dea20fc67"},
    {file = "tomli-2.3.0-cp314-cp314t-musllinux_1_2_x86_64.whl", hash = "sha256:8a35dd0e643bb2610f156cca8db95d213a90015c11fee76c946aa62b7ae7e02f"},
    {file = "tomli-2.3.0-cp314-cp314t-win32.whl", hash = "sha256:a1f7f282fe248311650081faafa5f4732bdbfef5d45fe3f2e702fbc6f2d496e0"},
    {file = "tomli-2.3.0-cp314-cp314t-win_amd64.whl", hash = "sha256:70a251f8d4ba2d9ac2542eecf008b3c8a9fc5c3f9f02c56a9d7952612be2fdba"},
    {file = "tomli-2.3.0-py3-none-any.whl", hash = "sha256:e95b1af3c5b07d9e643909b5abbec77cd9f1217e6d0bca72b0234736b9fb1f1b"},
    {file = "tomli-2.3.0.tar.gz", hash = "sha256:64be704a875d2a59753d80ee8a533c3fe183e3f06807ff7dc2232938ccb01549"},
]

[[package]]
name = "typeshed-client"
version = "2.8.2"
description = "A library for accessing stubs in typeshed."
optional = false
python-versions = ">=3.9"
groups = ["dev"]
files = [
    {file = "typeshed_client-2.8.2-py3-none-any.whl", hash = "sha256:4cf886d976c777689cd31889f13abf5bfb7797c82519b07e5969e541380c75ee"},
    {file = "typeshed_client-2.8.2.tar.gz", hash = "sha256:9d8e29fb74574d87bf9a719f77131dc40f2aeea20e97d25d4a3dc2cc30debd31"},
]

[package.dependencies]
importlib_resources = ">=1.4.0"
typing-extensions = ">=4.5.0"

[[package]]
name = "typing-extensions"
version = "4.15.0"
description = "Backported and Experimental Type Hints for Python 3.9+"
optional = false
python-versions = ">=3.9"
groups = ["dev"]
files = [
    {file = "typing_extensions-4.15.0-py3-none-any.whl", hash = "sha256:f0fa19c6845758ab08074a0cfa8b7aecb71c999ca73d62883bc25cc018c4e548"},
    {file = "typing_extensions-4.15.0.tar.gz", hash = "sha256:0cea48d173cc12fa28ecabc3b837ea3cf6f38c6d1136f85cbaaf598984861466"},
]

[[package]]
name = "typing-inspect"
version = "0.9.0"
description = "Runtime inspection utilities for typing module."
optional = false
python-versions = "*"
groups = ["dev"]
files = [
    {file = "typing_inspect-0.9.0-py3-none-any.whl", hash = "sha256:9ee6fc59062311ef8547596ab6b955e1b8aa46242d854bfc78f4f6b0eff35f9f"},
    {file = "typing_inspect-0.9.0.tar.gz", hash = "sha256:b23fc42ff6f6ef6954e4852c1fb512cdd18dbea03134f91f856a95ccc9461f78"},
]

[package.dependencies]
mypy-extensions = ">=0.3.0"
typing-extensions = ">=3.7.4"

[[package]]
name = "z3-solver"
version = "4.15.4.0"
description = "an efficient SMT solver library"
optional = false
python-versions = "*"
groups = ["dev"]
files = [
    {file = "z3_solver-4.15.4.0-py3-none-macosx_13_0_arm64.whl", hash = "sha256:407e825cc9211f95ef46bdc8d151bf630e7ab2d62a21d24cd74c09cc5b73f3aa"},
    {file = "z3_solver-4.15.4.0-py3-none-macosx_13_0_x86_64.whl", hash = "sha256:00bd10c5a6a5f6112d3a9a810d0799227e52f76caa860dafa5e00966bb47eb13"},
    {file = "z3_solver-4.15.4.0-py3-none-manylinux_2_17_x86_64.manylinux2014_x86_64.whl", hash = "sha256:7e103a6f203f505b8b8b8e5c931cc407c95b61556512d4921c1ddc0b3f41b08e"},
    {file = "z3_solver-4.15.4.0-py3-none-manylinux_2_34_aarch64.whl", hash = "sha256:62c7e9cbdd711932301f29919ad9158de9b2f58b4d281dd259bbcd0a2f408ba1"},
    {file = "z3_solver-4.15.4.0-py3-none-win32.whl", hash = "sha256:be3bc916545c96ffbf89e00d07104ff14f78336e55db069177a1bfbcc01b269d"},
    {file = "z3_solver-4.15.4.0-py3-none-win_amd64.whl", hash = "sha256:00e35b02632ed085ea8199fb230f6015e6fc40554a6680c097bd5f060e827431"},
    {file = "z3_solver-4.15.4.0.tar.gz", hash = "sha256:928c29b58c4eb62106da51c1914f6a4a55d0441f8f48a81b9da07950434a8946"},
]

[[package]]
name = "zipp"
version = "3.23.0"
description = "Backport of pathlib-compatible object wrapper for zip files"
optional = false
python-versions = ">=3.9"
groups = ["dev"]
files = [
    {file = "zipp-3.23.0-py3-none-any.whl", hash = "sha256:071652d6115ed432f5ce1d34c336c0adfd6a884660d1e9712a256d3d3bd4b14e"},
    {file = "zipp-3.23.0.tar.gz", hash = "sha256:a07157588a12518c9d4034df3fbbee09c814741a33ff63c05fa29d26a2404166"},
]

[package.extras]
check = ["pytest-checkdocs (>=2.4)", "pytest-ruff (>=0.2.1) ; sys_platform != \"cygwin\""]
cover = ["pytest-cov"]
doc = ["furo", "jaraco.packaging (>=9.3)", "jaraco.tidelift (>=1.4)", "rst.linker (>=1.9)", "sphinx (>=3.5)", "sphinx-lint"]
enabler = ["pytest-enabler (>=2.2)"]
test = ["big-O", "jaraco.functools", "jaraco.itertools", "jaraco.test", "more_itertools", "pytest (>=6,!=8.1.*)", "pytest-ignore-flaky"]
type = ["pytest-mypy"]

[metadata]
lock-version = "2.1"
python-versions = "^3.9"
content-hash = "87afe4bb94ac77dce4797c0300722c11991e6453ff618d7cfd4bbd481bdc868a"
